
Microsoft Visual Studio Solution File, Format Version 12.00
# Visual Studio Version 16
VisualStudioVersion = 16.0.29009.5
MinimumVisualStudioVersion = 10.0.40219.1
Project("{FAE04EC0-301F-11D3-BF4B-00C04F79EFBC}") = "Adrenaline", "Adrenaline.csproj", "{6947CF72-9BCF-4DD2-869E-82BD61796450}"
EndProject
Global
	GlobalSection(SolutionConfigurationPlatforms) = preSolution
		Debug|Any CPU = Debug|Any CPU
		Release|Any CPU = Release|Any CPU
	EndGlobalSection
	GlobalSection(ProjectConfigurationPlatforms) = postSolution
		{6947CF72-9BCF-4DD2-869E-82BD61796450}.Debug|Any CPU.ActiveCfg = Debug|Any CPU
		{6947CF72-9BCF-4DD2-869E-82BD61796450}.Debug|Any CPU.Build.0 = Debug|Any CPU
		{6947CF72-9BCF-4DD2-869E-82BD61796450}.Release|Any CPU.ActiveCfg = Release|Any CPU
		{6947CF72-9BCF-4DD2-869E-82BD61796450}.Release|Any CPU.Build.0 = Release|Any CPU
	EndGlobalSection
	GlobalSection(SolutionProperties) = preSolution
		HideSolutionNode = FALSE
	EndGlobalSection
	GlobalSection(ExtensibilityGlobals) = postSolution
		SolutionGuid = {BE55E6C5-55EA-45A1-9B55-EEAE425A180A}
	EndGlobalSection
EndGlobal
